
Microsoft Visual Studio Solution File, Format Version 12.00
Project("{FAE04EC0-301F-11D3-BF4B-00C04F79EFBC}") = "BinaryInCSharpDemo", "BinaryInCSharpDemo\BinaryInCSharpDemo.csproj", "{F641C5F9-700B-42F9-8BDC-6B0BB80301ED}"
EndProject
Project("{2150E333-8FDC-42A3-9474-1A3956D46DE8}") = "BinaryOperators", "BinaryOperators", "{13CC5205-9152-4A91-896A-E72372746765}"
EndProject
Project("{FAE04EC0-301F-11D3-BF4B-00C04F79EFBC}") = "BinaryOperators", "BinaryOperators\BinaryOperators.csproj", "{5C6E11EE-6530-454A-BA08-D4524B9AAEC6}"
EndProject
Project("{2150E333-8FDC-42A3-9474-1A3956D46DE8}") = "MasksAndClearing", "MasksAndClearing", "{0049B31E-D0EF-4D16-A87F-44E9BF516DD2}"
EndProject
Project("{FAE04EC0-301F-11D3-BF4B-00C04F79EFBC}") = "MasksAndClearing", "MasksAndClearing\MasksAndClearing.csproj", "{CD6E3676-3730-4C04-8A24-AB919A25ED45}"
EndProject
Project("{2150E333-8FDC-42A3-9474-1A3956D46DE8}") = "Flags", "Flags", "{7DF53491-D984-4D8D-A6D3-5A65F2770580}"
EndProject
Project("{FAE04EC0-301F-11D3-BF4B-00C04F79EFBC}") = "Flags", "Flags\Flags.csproj", "{E1129DB3-8114-475D-8B23-A2FDCA70D027}"
EndProject
Global
	GlobalSection(SolutionConfigurationPlatforms) = preSolution
		Debug|Any CPU = Debug|Any CPU
		Release|Any CPU = Release|Any CPU
	EndGlobalSection
	GlobalSection(ProjectConfigurationPlatforms) = postSolution
		{F641C5F9-700B-42F9-8BDC-6B0BB80301ED}.Debug|Any CPU.ActiveCfg = Debug|Any CPU
		{F641C5F9-700B-42F9-8BDC-6B0BB80301ED}.Debug|Any CPU.Build.0 = Debug|Any CPU
		{F641C5F9-700B-42F9-8BDC-6B0BB80301ED}.Release|Any CPU.ActiveCfg = Release|Any CPU
		{F641C5F9-700B-42F9-8BDC-6B0BB80301ED}.Release|Any CPU.Build.0 = Release|Any CPU
		{5C6E11EE-6530-454A-BA08-D4524B9AAEC6}.Debug|Any CPU.ActiveCfg = Debug|Any CPU
		{5C6E11EE-6530-454A-BA08-D4524B9AAEC6}.Debug|Any CPU.Build.0 = Debug|Any CPU
		{5C6E11EE-6530-454A-BA08-D4524B9AAEC6}.Release|Any CPU.ActiveCfg = Release|Any CPU
		{5C6E11EE-6530-454A-BA08-D4524B9AAEC6}.Release|Any CPU.Build.0 = Release|Any CPU
		{CD6E3676-3730-4C04-8A24-AB919A25ED45}.Debug|Any CPU.ActiveCfg = Debug|Any CPU
		{CD6E3676-3730-4C04-8A24-AB919A25ED45}.Debug|Any CPU.Build.0 = Debug|Any CPU
		{CD6E3676-3730-4C04-8A24-AB919A25ED45}.Release|Any CPU.ActiveCfg = Release|Any CPU
		{CD6E3676-3730-4C04-8A24-AB919A25ED45}.Release|Any CPU.Build.0 = Release|Any CPU
		{E1129DB3-8114-475D-8B23-A2FDCA70D027}.Debug|Any CPU.ActiveCfg = Debug|Any CPU
		{E1129DB3-8114-475D-8B23-A2FDCA70D027}.Debug|Any CPU.Build.0 = Debug|Any CPU
		{E1129DB3-8114-475D-8B23-A2FDCA70D027}.Release|Any CPU.ActiveCfg = Release|Any CPU
		{E1129DB3-8114-475D-8B23-A2FDCA70D027}.Release|Any CPU.Build.0 = Release|Any CPU
	EndGlobalSection
	GlobalSection(NestedProjects) = preSolution
		{5C6E11EE-6530-454A-BA08-D4524B9AAEC6} = {13CC5205-9152-4A91-896A-E72372746765}
		{CD6E3676-3730-4C04-8A24-AB919A25ED45} = {0049B31E-D0EF-4D16-A87F-44E9BF516DD2}
		{E1129DB3-8114-475D-8B23-A2FDCA70D027} = {7DF53491-D984-4D8D-A6D3-5A65F2770580}
	EndGlobalSection
EndGlobal
